# THIS IS AN AUTOGENERATED FILE. DO NOT EDIT THIS FILE DIRECTLY.
# yarn lockfile v1


"@aleohq/sdk@^0.3.2":
  version "0.3.2"
  resolved "https://registry.yarnpkg.com/@aleohq/sdk/-/sdk-0.3.2.tgz#a134304f5cd38a5f1f16d383796a1b48c8ec3c85"
  integrity sha512-lkwi9KgjMzs0x6Hf4K/mIE0aCKOcB6vyEYbhENyFkek3Jkri8fO8kgN1CBHOfBlWoCTZngNzKZSGEhdHKO/12Q==

"@types/node@^17.0.17":
  version "17.0.17"
  resolved "https://registry.yarnpkg.com/@types/node/-/node-17.0.17.tgz#a8ddf6e0c2341718d74ee3dc413a13a042c45a0c"
  integrity sha512-e8PUNQy1HgJGV3iU/Bp2+D/DXh3PYeyli8LgIwsQcs1Ar1LoaWHSIT6Rw+H2rNJmiq6SNWiDytfx8+gYj7wDHw==

typescript@^4.5.5:
  version "4.5.5"
  resolved "https://registry.yarnpkg.com/typescript/-/typescript-4.5.5.tgz#d8c953832d28924a9e3d37c73d729c846c5896f3"
  integrity sha512-TCTIul70LyWe6IJWT8QSYeA54WQe8EjQFU4wY52Fasj5UKx88LNYKCgBEHcOMOrFF1rKGbD8v/xcNWVUq9SymA==
